// !$*UTF8*$!
{
	archiveVersion = 1;
	classes = {
	};
	objectVersion = 77;
	objects = {

/* Begin PBXContainerItemProxy section */
		83756AE22F5A1DA600EBE97F /* PBXContainerItemProxy */ = {
			isa = PBXContainerItemProxy;
			containerPortal = 83756AC82F5A1DA400EBE97F /* Project object */;
			proxyType = 1;
			remoteGlobalIDString = 83756ACF2F5A1DA400EBE97F;
			remoteInfo = "Hydr-ate";
		};
		83756AEC2F5A1DA600EBE97F /* PBXContainerItemProxy */ = {
			isa = PBXContainerItemProxy;
			containerPortal = 83756AC82F5A1DA400EBE97F /* Project object */;
			proxyType = 1;
			remoteGlobalIDString = 83756ACF2F5A1DA400EBE97F;
			remoteInfo = "Hydr-ate";
		};
/* End PBXContainerItemProxy section */

/* Begin PBXFileReference section */
		83756AD02F5A1DA400EBE97F /* Hydr-ate.app */ = {isa = PBXFileReference; explicitFileType = wrapper.application; includeInIndex = 0; path = "Hydr-ate.app"; sourceTree = BUILT_PRODUCTS_DIR; };
		83756AE12F5A1DA600EBE97F /* Hydr-ateTests.xctest */ = {isa = PBXFileReference; explicitFileType = wrapper.cfbundle; includeInIndex = 0; path = "Hydr-ateTests.xctest"; sourceTree = BUILT_PRODUCTS_DIR; };
		83756AEB2F5A1DA600EBE97F /* Hydr-ateUITests.xctest */ = {isa = PBXFileReference; explicitFileType = wrapper.cfbundle; includeInIndex = 0; path = "Hydr-ateUITests.xctest"; sourceTree = BUILT_PRODUCTS_DIR; };
/* End PBXFileReference section */

/* Begin PBXFileSystemSynchronizedBuildFileExceptionSet section */
		83756AF32F5A1DA600EBE97F /* Exceptions for "Hydr-ate" folder in "Hydr-ate" target */ = {
			isa = PBXFileSystemSynchronizedBuildFileExceptionSet;
			membershipExceptions = (
				Info.plist,
			);
			target = 83756ACF2F5A1DA400EBE97F /* Hydr-ate */;
		};
/* End PBXFileSystemSynchronizedBuildFileExceptionSet section */

/* Begin PBXFileSystemSynchronizedRootGroup section */
		83756AD22F5A1DA400EBE97F /* Hydr-ate */ = {
			isa = PBXFileSystemSynchronizedRootGroup;
			exceptions = (
				83756AF32F5A1DA600EBE97F /* Exceptions for "Hydr-ate" folder in "Hydr-ate" target */,
			);
			path = "Hydr-ate";
			sourceTree = "<group>";
		};
		83756AE42F5A1DA600EBE97F /* Hydr-ateTests */ = {
			isa = PBXFileSystemSynchronizedRootGroup;
			path = "Hydr-ateTests";
			sourceTree = "<group>";
		};
		83756AEE2F5A1DA600EBE97F /* Hydr-ateUITests */ = {
			isa = PBXFileSystemSynchronizedRootGroup;
			path = "Hydr-ateUITests";
			sourceTree = "<group>";
		};
/* End PBXFileSystemSynchronizedRootGroup section */

/* Begin PBXFrameworksBuildPhase section */
		83756ACD2F5A1DA400EBE97F /* Frameworks */ = {
			isa = PBXFrameworksBuildPhase;
			buildActionMask = 2147483647;
			files = (
			);
			runOnlyForDeploymentPostprocessing = 0;
		};
		83756ADE2F5A1DA600EBE97F /* Frameworks */ = {
			isa = PBXFrameworksBuildPhase;
			buildActionMask = 2147483647;
			files = (
			);
			runOnlyForDeploymentPostprocessing = 0;
		};
		83756AE82F5A1DA600EBE97F /* Frameworks */ = {
			isa = PBXFrameworksBuildPhase;
			buildActionMask = 2147483647;
			files = (
			);
			runOnlyForDeploymentPostprocessing = 0;
		};
/* End PBXFrameworksBuildPhase section */

/* Begin PBXGroup section */
		83756AC72F5A1DA400EBE97F = {
			isa = PBXGroup;
			children = (
				83756AD22F5A1DA400EBE97F /* Hydr-ate */,
				83756AE42F5A1DA600EBE97F /* Hydr-ateTests */,
				83756AEE2F5A1DA600EBE97F /* Hydr-ateUITests */,
				83756AD12F5A1DA400EBE97F /* Products */,
			);
			sourceTree = "<group>";
		};
		83756AD12F5A1DA400EBE97F /* Products */ = {
			isa = PBXGroup;
			children = (
				83756AD02F5A1DA400EBE97F /* Hydr-ate.app */,
				83756AE12F5A1DA600EBE97F /* Hydr-ateTests.xctest */,
				83756AEB2F5A1DA600EBE97F /* Hydr-ateUITests.xctest */,
			);
			name = Products;
			sourceTree = "<group>";
		};
/* End PBXGroup section */

/* Begin PBXNativeTarget section */
		83756ACF2F5A1DA400EBE97F /* Hydr-ate */ = {
			isa = PBXNativeTarget;
			buildConfigurationList = 83756AF42F5A1DA600EBE97F /* Build configuration list for PBXNativeTarget "Hydr-ate" */;
			buildPhases = (
				83756ACC2F5A1DA400EBE97F /* Sources */,
				83756ACD2F5A1DA400EBE97F /* Frameworks */,
				83756ACE2F5A1DA400EBE97F /* Resources */,
			);
			buildRules = (
			);
			dependencies = (
			);
			fileSystemSynchronizedGroups = (
				83756AD22F5A1DA400EBE97F /* Hydr-ate */,
			);
			name = "Hydr-ate";
			packageProductDependencies = (
			);
			productName = "Hydr-ate";
			productReference = 83756AD02F5A1DA400EBE97F /* Hydr-ate.app */;
			productType = "com.apple.product-type.application";
		};
		83756AE02F5A1DA600EBE97F /* Hydr-ateTests */ = {
			isa = PBXNativeTarget;
			buildConfigurationList = 83756AF92F5A1DA600EBE97F /* Build configuration list for PBXNativeTarget "Hydr-ateTests" */;
			buildPhases = (
				83756ADD2F5A1DA600EBE97F /* Sources */,
				83756ADE2F5A1DA600EBE97F /* Frameworks */,
				83756ADF2F5A1DA600EBE97F /* Resources */,
			);
			buildRules = (
			);
			dependencies = (
				83756AE32F5A1DA600EBE97F /* PBXTargetDependency */,
			);
			fileSystemSynchronizedGroups = (
				83756AE42F5A1DA600EBE97F /* Hydr-ateTests */,
			);
			name = "Hydr-ateTests";
			packageProductDependencies = (
			);
			productName = "Hydr-ateTests";
			productReference = 83756AE12F5A1DA600EBE97F /* Hydr-ateTests.xctest */;
			productType = "com.apple.product-type.bundle.unit-test";
		};
		83756AEA2F5A1DA600EBE97F /* Hydr-ateUITests */ = {
			isa = PBXNativeTarget;
			buildConfigurationList = 83756AFC2F5A1DA600EBE97F /* Build configuration list for PBXNativeTarget "Hydr-ateUITests" */;
			buildPhases = (
				83756AE72F5A1DA600EBE97F /* Sources */,
				83756AE82F5A1DA600EBE97F /* Frameworks */,
				83756AE92F5A1DA600EBE97F /* Resources */,
			);
			buildRules = (
			);
			dependencies = (
				83756AED2F5A1DA600EBE97F /* PBXTargetDependency */,
			);
			fileSystemSynchronizedGroups = (
				83756AEE2F5A1DA600EBE97F /* Hydr-ateUITests */,
			);
			name = "Hydr-ateUITests";
			packageProductDependencies = (
			);
			productName = "Hydr-ateUITests";
			productReference = 83756AEB2F5A1DA600EBE97F /* Hydr-ateUITests.xctest */;
			productType = "com.apple.product-type.bundle.ui-testing";
		};
/* End PBXNativeTarget section */

/* Begin PBXProject section */
		83756AC82F5A1DA400EBE97F /* Project object */ = {
			isa = PBXProject;
			attributes = {
				BuildIndependentTargetsInParallel = 1;
				LastSwiftUpdateCheck = 2610;
				LastUpgradeCheck = 2610;
				TargetAttributes = {
					83756ACF2F5A1DA400EBE97F = {
						CreatedOnToolsVersion = 26.1.1;
					};
					83756AE02F5A1DA600EBE97F = {
						CreatedOnToolsVersion = 26.1.1;
						TestTargetID = 83756ACF2F5A1DA400EBE97F;
					};
					83756AEA2F5A1DA600EBE97F = {
						CreatedOnToolsVersion = 26.1.1;
						TestTargetID = 83756ACF2F5A1DA400EBE97F;
					};
				};
			};
			buildConfigurationList = 83756ACB2F5A1DA400EBE97F /* Build configuration list for PBXProject "Hydr-ate" */;
			developmentRegion = en;
			hasScannedForEncodings = 0;
			knownRegions = (
				en,
				Base,
			);
			mainGroup = 83756AC72F5A1DA400EBE97F;
			minimizedProjectReferenceProxies = 1;
			preferredProjectObjectVersion = 77;
			productRefGroup = 83756AD12F5A1DA400EBE97F /* Products */;
			projectDirPath = "";
			projectRoot = "";
			targets = (
				83756ACF2F5A1DA400EBE97F /* Hydr-ate */,
				83756AE02F5A1DA600EBE97F /* Hydr-ateTests */,
				83756AEA2F5A1DA600EBE97F /* Hydr-ateUITests */,
			);
		};
/* End PBXProject section */

/* Begin PBXResourcesBuildPhase section */
		83756ACE2F5A1DA400EBE97F /* Resources */ = {
			isa = PBXResourcesBuildPhase;
			buildActionMask = 2147483647;
			files = (
			);
			runOnlyForDeploymentPostprocessing = 0;
		};
		83756ADF2F5A1DA600EBE97F /* Resources */ = {
			isa = PBXResourcesBuildPhase;
			buildActionMask = 2147483647;
			files = (
			);
			runOnlyForDeploymentPostprocessing = 0;
		};
		83756AE92F5A1DA600EBE97F /* Resources */ = {
			isa = PBXResourcesBuildPhase;
			buildActionMask = 2147483647;
			files = (
			);
			runOnlyForDeploymentPostprocessing = 0;
		};
/* End PBXResourcesBuildPhase section */

/* Begin PBXSourcesBuildPhase section */
		83756ACC2F5A1DA400EBE97F /* Sources */ = {
			isa = PBXSourcesBuildPhase;
			buildActionMask = 2147483647;
			files = (
			);
			runOnlyForDeploymentPostprocessing = 0;
		};
		83756ADD2F5A1DA600EBE97F /* Sources */ = {
			isa = PBXSourcesBuildPhase;
			buildActionMask = 2147483647;
			files = (
			);
			runOnlyForDeploymentPostprocessing = 0;
		};
		83756AE72F5A1DA600EBE97F /* Sources */ = {
			isa = PBXSourcesBuildPhase;
			buildActionMask = 2147483647;
			files = (
			);
			runOnlyForDeploymentPostprocessing = 0;
		};
/* End PBXSourcesBuildPhase section */

/* Begin PBXTargetDependency section */
		83756AE32F5A1DA600EBE97F /* PBXTargetDependency */ = {
			isa = PBXTargetDependency;
			target = 83756ACF2F5A1DA400EBE97F /* Hydr-ate */;
			targetProxy = 83756AE22F5A1DA600EBE97F /* PBXContainerItemProxy */;
		};
		83756AED2F5A1DA600EBE97F /* PBXTargetDependency */ = {
			isa = PBXTargetDependency;
			target = 83756ACF2F5A1DA400EBE97F /* Hydr-ate */;
			targetProxy = 83756AEC2F5A1DA600EBE97F /* PBXContainerItemProxy */;
		};
/* End PBXTargetDependency section */

/* Begin XCBuildConfiguration section */
		83756AF52F5A1DA600EBE97F /* Debug */ = {
			isa = XCBuildConfiguration;
			buildSettings = {
				ASSETCATALOG_COMPILER_APPICON_NAME = AppIcon;
				ASSETCATALOG_COMPILER_GLOBAL_ACCENT_COLOR_NAME = AccentColor;
				CODE_SIGN_ENTITLEMENTS = "Hydr-ate/Hydr_ate.entitlements";
				CODE_SIGN_STYLE = Automatic;
				CURRENT_PROJECT_VERSION = 1;
				ENABLE_PREVIEWS = YES;
				GENERATE_INFOPLIST_FILE = YES;
				INFOPLIST_FILE = "Hydr-ate/Info.plist";
				INFOPLIST_KEY_UIApplicationSceneManifest_Generation = YES;
				INFOPLIST_KEY_UIApplicationSupportsIndirectInputEvents = YES;
				INFOPLIST_KEY_UILaunchScreen_Generation = YES;
				INFOPLIST_KEY_UISupportedInterfaceOrientations_iPad = "UIInterfaceOrientationPortrait UIInterfaceOrientationPortraitUpsideDown UIInterfaceOrientationLandscapeLeft UIInterfaceOrientationLandscapeRight";
				INFOPLIST_KEY_UISupportedInterfaceOrientations_iPhone = "UIInterfaceOrientationPortrait UIInterfaceOrientationLandscapeLeft UIInterfaceOrientationLandscapeRight";
				LD_RUNPATH_SEARCH_PATHS = (
					"$(inherited)",
					"@executable_path/Frameworks",
				);
				MARKETING_VERSION = 1.0;
				PRODUCT_BUNDLE_IDENTIFIER = "Chris.Hydr-ate";
				PRODUCT_NAME = "$(TARGET_NAME)";
				STRING_CATALOG_GENERATE_SYMBOLS = YES;
				SWIFT_APPROACHABLE_CONCURRENCY = YES;
				SWIFT_DEFAULT_ACTOR_ISOLATION = MainActor;
				SWIFT_EMIT_LOC_STRINGS = YES;
				SWIFT_UPCOMING_FEATURE_MEMBER_IMPORT_VISIBILITY = YES;
				SWIFT_VERSION = 5.0;
				TARGETED_DEVICE_FAMILY = "1,2";
			};
			name = Debug;
		};
		83756AF62F5A1DA600EBE97F /* Release */ = {
			isa = XCBuildConfiguration;
			buildSettings = {
				ASSETCATALOG_COMPILER_APPICON_NAME = AppIcon;
				ASSETCATALOG_COMPILER_GLOBAL_ACCENT_COLOR_NAME = AccentColor;
				CODE_SIGN_ENTITLEMENTS = "Hydr-ate/Hydr_ate.entitlements";
				CODE_SIGN_STYLE = Automatic;
				CURRENT_PROJECT_VERSION = 1;
				ENABLE_PREVIEWS = YES;
				GENERATE_INFOPLIST_FILE = YES;
				INFOPLIST_FILE = "Hydr-ate/Info.plist";
				INFOPLIST_KEY_UIApplicationSceneManifest_Generation = YES;
				INFOPLIST_KEY_UIApplicationSupportsIndirectInputEvents = YES;
				INFOPLIST_KEY_UILaunchScreen_Generation = YES;
				INFOPLIST_KEY_UISupportedInterfaceOrientations_iPad = "UIInterfaceOrientationPortrait UIInterfaceOrientationPortraitUpsideDown UIInterfaceOrientationLandscapeLeft UIInterfaceOrientationLandscapeRight";
				INFOPLIST_KEY_UISupportedInterfaceOrientations_iPhone = "UIInterfaceOrientationPortrait UIInterfaceOrientationLandscapeLeft UIInterfaceOrientationLandscapeRight";
				LD_RUNPATH_SEARCH_PATHS = (
					"$(inherited)",
					"@executable_path/Frameworks",
				);
				MARKETING_VERSION = 1.0;
				PRODUCT_BUNDLE_IDENTIFIER = "Chris.Hydr-ate";
				PRODUCT_NAME = "$(TARGET_NAME)";
				STRING_CATALOG_GENERATE_SYMBOLS = YES;
				SWIFT_APPROACHABLE_CONCURRENCY = YES;
				SWIFT_DEFAULT_ACTOR_ISOLATION = MainActor;
				SWIFT_EMIT_LOC_STRINGS = YES;
				SWIFT_UPCOMING_FEATURE_MEMBER_IMPORT_VISIBILITY = YES;
				SWIFT_VERSION = 5.0;
				TARGETED_DEVICE_FAMILY = "1,2";
			};
			name = Release;
		};
		83756AF72F5A1DA600EBE97F /* Debug */ = {
			isa = XCBuildConfiguration;
			buildSettings = {
				ALWAYS_SEARCH_USER_PATHS = NO;
				ASSETCATALOG_COMPILER_GENERATE_SWIFT_ASSET_SYMBOL_EXTENSIONS = YES;
				CLANG_ANALYZER_NONNULL = YES;
				CLANG_ANALYZER_NUMBER_OBJECT_CONVERSION = YES_AGGRESSIVE;
				CLANG_CXX_LANGUAGE_STANDARD = "gnu++20";
				CLANG_ENABLE_MODULES = YES;
				CLANG_ENABLE_OBJC_ARC = YES;
				CLANG_ENABLE_OBJC_WEAK = YES;
				CLANG_WARN_BLOCK_CAPTURE_AUTORELEASING = YES;
				CLANG_WARN_BOOL_CONVERSION = YES;
				CLANG_WARN_COMMA = YES;
				CLANG_WARN_CONSTANT_CONVERSION = YES;
				CLANG_WARN_DEPRECATED_OBJC_IMPLEMENTATIONS = YES;
				CLANG_WARN_DIRECT_OBJC_ISA_USAGE = YES_ERROR;
				CLANG_WARN_DOCUMENTATION_COMMENTS = YES;
				CLANG_WARN_EMPTY_BODY = YES;
				CLANG_WARN_ENUM_CONVERSION = YES;
				CLANG_WARN_INFINITE_RECURSION = YES;
				CLANG_WARN_INT_CONVERSION = YES;
				CLANG_WARN_NON_LITERAL_NULL_CONVERSION = YES;
				CLANG_WARN_OBJC_IMPLICIT_RETAIN_SELF = YES;
				CLANG_WARN_OBJC_LITERAL_CONVERSION = YES;
				CLANG_WARN_OBJC_ROOT_CLASS = YES_ERROR;
				CLANG_WARN_QUOTED_INCLUDE_IN_FRAMEWORK_HEADER = YES;
				CLANG_WARN_RANGE_LOOP_ANALYSIS = YES;
				CLANG_WARN_STRICT_PROTOTYPES = YES;
				CLANG_WARN_SUSPICIOUS_MOVE = YES;
				CLANG_WARN_UNGUARDED_AVAILABILITY = YES_AGGRESSIVE;
				CLANG_WARN_UNREACHABLE_CODE = YES;
				CLANG_WARN__DUPLICATE_METHOD_MATCH = YES;
				COPY_PHASE_STRIP = NO;
				DEBUG_INFORMATION_FORMAT = dwarf;
				ENABLE_STRICT_OBJC_MSGSEND = YES;
				ENABLE_TESTABILITY = YES;
				ENABLE_USER_SCRIPT_SANDBOXING = YES;
				GCC_C_LANGUAGE_STANDARD = gnu17;
				GCC_DYNAMIC_NO_PIC = NO;
				GCC_NO_COMMON_BLOCKS = YES;
				GCC_OPTIMIZATION_LEVEL = 0;
				GCC_PREPROCESSOR_DEFINITIONS = (
					"DEBUG=1",
					"$(inherited)",
				);
				GCC_WARN_64_TO_32_BIT_CONVERSION = YES;
				GCC_WARN_ABOUT_RETURN_TYPE = YES_ERROR;
				GCC_WARN_UNDECLARED_SELECTOR = YES;
				GCC_WARN_UNINITIALIZED_AUTOS = YES_AGGRESSIVE;
				GCC_WARN_UNUSED_FUNCTION = YES;
				GCC_WARN_UNUSED_VARIABLE = YES;
				IPHONEOS_DEPLOYMENT_TARGET = 26.1;
				LOCALIZATION_PREFERS_STRING_CATALOGS = YES;
				MTL_ENABLE_DEBUG_INFO = INCLUDE_SOURCE;
				MTL_FAST_MATH = YES;
				ONLY_ACTIVE_ARCH = YES;
				SDKROOT = iphoneos;
				SWIFT_ACTIVE_COMPILATION_CONDITIONS = "DEBUG $(inherited)";
				SWIFT_OPTIMIZATION_LEVEL = "-Onone";
			};
			name = Debug;
		};
		83756AF82F5A1DA600EBE97F /* Release */ = {
			isa = XCBuildConfiguration;
			buildSettings = {
				ALWAYS_SEARCH_USER_PATHS = NO;
				ASSETCATALOG_COMPILER_GENERATE_SWIFT_ASSET_SYMBOL_EXTENSIONS = YES;
				CLANG_ANALYZER_NONNULL = YES;
				CLANG_ANALYZER_NUMBER_OBJECT_CONVERSION = YES_AGGRESSIVE;
				CLANG_CXX_LANGUAGE_STANDARD = "gnu++20";
				CLANG_ENABLE_MODULES = YES;
				CLANG_ENABLE_OBJC_ARC = YES;
				CLANG_ENABLE_OBJC_WEAK = YES;
				CLANG_WARN_BLOCK_CAPTURE_AUTORELEASING = YES;
				CLANG_WARN_BOOL_CONVERSION = YES;
				CLANG_WARN_COMMA = YES;
				CLANG_WARN_CONSTANT_CONVERSION = YES;
				CLANG_WARN_DEPRECATED_OBJC_IMPLEMENTATIONS = YES;
				CLANG_WARN_DIRECT_OBJC_ISA_USAGE = YES_ERROR;
				CLANG_WARN_DOCUMENTATION_COMMENTS = YES;
				CLANG_WARN_EMPTY_BODY = YES;
				CLANG_WARN_ENUM_CONVERSION = YES;
				CLANG_WARN_INFINITE_RECURSION = YES;
				CLANG_WARN_INT_CONVERSION = YES;
				CLANG_WARN_NON_LITERAL_NULL_CONVERSION = YES;
				CLANG_WARN_OBJC_IMPLICIT_RETAIN_SELF = YES;
				CLANG_WARN_OBJC_LITERAL_CONVERSION = YES;
				CLANG_WARN_OBJC_ROOT_CLASS = YES_ERROR;
				CLANG_WARN_QUOTED_INCLUDE_IN_FRAMEWORK_HEADER = YES;
				CLANG_WARN_RANGE_LOOP_ANALYSIS = YES;
				CLANG_WARN_STRICT_PROTOTYPES = YES;
				CLANG_WARN_SUSPICIOUS_MOVE = YES;
				CLANG_WARN_UNGUARDED_AVAILABILITY = YES_AGGRESSIVE;
				CLANG_WARN_UNREACHABLE_CODE = YES;
				CLANG_WARN__DUPLICATE_METHOD_MATCH = YES;
				COPY_PHASE_STRIP = NO;
				DEBUG_INFORMATION_FORMAT = "dwarf-with-dsym";
				ENABLE_NS_ASSERTIONS = NO;
				ENABLE_STRICT_OBJC_MSGSEND = YES;
				ENABLE_USER_SCRIPT_SANDBOXING = YES;
				GCC_C_LANGUAGE_STANDARD = gnu17;
				GCC_NO_COMMON_BLOCKS = YES;
				GCC_WARN_64_TO_32_BIT_CONVERSION = YES;
				GCC_WARN_ABOUT_RETURN_TYPE = YES_ERROR;
				GCC_WARN_UNDECLARED_SELECTOR = YES;
				GCC_WARN_UNINITIALIZED_AUTOS = YES_AGGRESSIVE;
				GCC_WARN_UNUSED_FUNCTION = YES;
				GCC_WARN_UNUSED_VARIABLE = YES;
				IPHONEOS_DEPLOYMENT_TARGET = 26.1;
				LOCALIZATION_PREFERS_STRING_CATALOGS = YES;
				MTL_ENABLE_DEBUG_INFO = NO;
				MTL_FAST_MATH = YES;
				SDKROOT = iphoneos;
				SWIFT_COMPILATION_MODE = wholemodule;
				VALIDATE_PRODUCT = YES;
			};
			name = Release;
		};
		83756AFA2F5A1DA600EBE97F /* Debug */ = {
			isa = XCBuildConfiguration;
			buildSettings = {
				BUNDLE_LOADER = "$(TEST_HOST)";
				CODE_SIGN_STYLE = Automatic;
				CURRENT_PROJECT_VERSION = 1;
				GENERATE_INFOPLIST_FILE = YES;
				IPHONEOS_DEPLOYMENT_TARGET = 26.1;
				MARKETING_VERSION = 1.0;
				PRODUCT_BUNDLE_IDENTIFIER = "Chris.Hydr-ateTests";
				PRODUCT_NAME = "$(TARGET_NAME)";
				STRING_CATALOG_GENERATE_SYMBOLS = NO;
				SWIFT_APPROACHABLE_CONCURRENCY = YES;
				SWIFT_EMIT_LOC_STRINGS = NO;
				SWIFT_UPCOMING_FEATURE_MEMBER_IMPORT_VISIBILITY = YES;
				SWIFT_VERSION = 5.0;
				TARGETED_DEVICE_FAMILY = "1,2";
				TEST_HOST = "$(BUILT_PRODUCTS_DIR)/Hydr-ate.app/$(BUNDLE_EXECUTABLE_FOLDER_PATH)/Hydr-ate";
			};
			name = Debug;
		};
		83756AFB2F5A1DA600EBE97F /* Release */ = {
			isa = XCBuildConfiguration;
			buildSettings = {
				BUNDLE_LOADER = "$(TEST_HOST)";
				CODE_SIGN_STYLE = Automatic;
				CURRENT_PROJECT_VERSION = 1;
				GENERATE_INFOPLIST_FILE = YES;
				IPHONEOS_DEPLOYMENT_TARGET = 26.1;
				MARKETING_VERSION = 1.0;
				PRODUCT_BUNDLE_IDENTIFIER = "Chris.Hydr-ateTests";
				PRODUCT_NAME = "$(TARGET_NAME)";
				STRING_CATALOG_GENERATE_SYMBOLS = NO;
				SWIFT_APPROACHABLE_CONCURRENCY = YES;
				SWIFT_EMIT_LOC_STRINGS = NO;
				SWIFT_UPCOMING_FEATURE_MEMBER_IMPORT_VISIBILITY = YES;
				SWIFT_VERSION = 5.0;
				TARGETED_DEVICE_FAMILY = "1,2";
				TEST_HOST = "$(BUILT_PRODUCTS_DIR)/Hydr-ate.app/$(BUNDLE_EXECUTABLE_FOLDER_PATH)/Hydr-ate";
			};
			name = Release;
		};
		83756AFD2F5A1DA600EBE97F /* Debug */ = {
			isa = XCBuildConfiguration;
			buildSettings = {
				CODE_SIGN_STYLE = Automatic;
				CURRENT_PROJECT_VERSION = 1;
				GENERATE_INFOPLIST_FILE = YES;
				MARKETING_VERSION = 1.0;
				PRODUCT_BUNDLE_IDENTIFIER = "Chris.Hydr-ateUITests";
				PRODUCT_NAME = "$(TARGET_NAME)";
				STRING_CATALOG_GENERATE_SYMBOLS = NO;
				SWIFT_APPROACHABLE_CONCURRENCY = YES;
				SWIFT_EMIT_LOC_STRINGS = NO;
				SWIFT_UPCOMING_FEATURE_MEMBER_IMPORT_VISIBILITY = YES;
				SWIFT_VERSION = 5.0;
				TARGETED_DEVICE_FAMILY = "1,2";
				TEST_TARGET_NAME = "Hydr-ate";
			};
			name = Debug;
		};
		83756AFE2F5A1DA600EBE97F /* Release */ = {
			isa = XCBuildConfiguration;
			buildSettings = {
				CODE_SIGN_STYLE = Automatic;
				CURRENT_PROJECT_VERSION = 1;
				GENERATE_INFOPLIST_FILE = YES;
				MARKETING_VERSION = 1.0;
				PRODUCT_BUNDLE_IDENTIFIER = "Chris.Hydr-ateUITests";
				PRODUCT_NAME = "$(TARGET_NAME)";
				STRING_CATALOG_GENERATE_SYMBOLS = NO;
				SWIFT_APPROACHABLE_CONCURRENCY = YES;
				SWIFT_EMIT_LOC_STRINGS = NO;
				SWIFT_UPCOMING_FEATURE_MEMBER_IMPORT_VISIBILITY = YES;
				SWIFT_VERSION = 5.0;
				TARGETED_DEVICE_FAMILY = "1,2";
				TEST_TARGET_NAME = "Hydr-ate";
			};
			name = Release;
		};
/* End XCBuildConfiguration section */

/* Begin XCConfigurationList section */
		83756ACB2F5A1DA400EBE97F /* Build configuration list for PBXProject "Hydr-ate" */ = {
			isa = XCConfigurationList;
			buildConfigurations = (
				83756AF72F5A1DA600EBE97F /* Debug */,
				83756AF82F5A1DA600EBE97F /* Release */,
			);
			defaultConfigurationIsVisible = 0;
			defaultConfigurationName = Release;
		};
		83756AF42F5A1DA600EBE97F /* Build configuration list for PBXNativeTarget "Hydr-ate" */ = {
			isa = XCConfigurationList;
			buildConfigurations = (
				83756AF52F5A1DA600EBE97F /* Debug */,
				83756AF62F5A1DA600EBE97F /* Release */,
			);
			defaultConfigurationIsVisible = 0;
			defaultConfigurationName = Release;
		};
		83756AF92F5A1DA600EBE97F /* Build configuration list for PBXNativeTarget "Hydr-ateTests" */ = {
			isa = XCConfigurationList;
			buildConfigurations = (
				83756AFA2F5A1DA600EBE97F /* Debug */,
				83756AFB2F5A1DA600EBE97F /* Release */,
			);
			defaultConfigurationIsVisible = 0;
			defaultConfigurationName = Release;
		};
		83756AFC2F5A1DA600EBE97F /* Build configuration list for PBXNativeTarget "Hydr-ateUITests" */ = {
			isa = XCConfigurationList;
			buildConfigurations = (
				83756AFD2F5A1DA600EBE97F /* Debug */,
				83756AFE2F5A1DA600EBE97F /* Release */,
			);
			defaultConfigurationIsVisible = 0;
			defaultConfigurationName = Release;
		};
/* End XCConfigurationList section */
	};
	rootObject = 83756AC82F5A1DA400EBE97F /* Project object */;
}
